// !$*UTF8*$!
{
	archiveVersion = 1;
	classes = {
	};
	objectVersion = 46;
	objects = {

/* Begin PBXBuildFile section */
		5AFDD4F4997D40C1DBC39317 /* Pods_YourTurn.framework in Frameworks */ = {isa = PBXBuildFile; fileRef = B425ACF90C58E3ACD9AF118B /* Pods_YourTurn.framework */; };
		A6405E4151C9386E2FE17F2D /* Pods_YourTurnTests.framework in Frameworks */ = {isa = PBXBuildFile; fileRef = 073B69202E254934231A5447 /* Pods_YourTurnTests.framework */; };
		F40F510D1EBADCAF007A6B55 /* PayRent.png in Resources */ = {isa = PBXBuildFile; fileRef = F40F510C1EBADCAF007A6B55 /* PayRent.png */; };
		F41C37CA1EB99FA900F4EC6E /* MopKitchenFloor.jpg in Resources */ = {isa = PBXBuildFile; fileRef = F41C37C91EB99FA900F4EC6E /* MopKitchenFloor.jpg */; };
		F425DADD1EA5C238007BE333 /* ConfirmCodeVC.swift in Sources */ = {isa = PBXBuildFile; fileRef = F425DADC1EA5C238007BE333 /* ConfirmCodeVC.swift */; };
		F42635681EB996D6004E079C /* TrashCan.jpg in Resources */ = {isa = PBXBuildFile; fileRef = F42635671EB996D6004E079C /* TrashCan.jpg */; };
		F426356A1EB99883004E079C /* TasksTableVC.swift in Sources */ = {isa = PBXBuildFile; fileRef = F42635691EB99883004E079C /* TasksTableVC.swift */; };
		F426356C1EB99933004E079C /* TasksTableViewCell.swift in Sources */ = {isa = PBXBuildFile; fileRef = F426356B1EB99933004E079C /* TasksTableViewCell.swift */; };
		F448D8E01E887E05001EECAB /* AppDelegate.swift in Sources */ = {isa = PBXBuildFile; fileRef = F448D8DF1E887E05001EECAB /* AppDelegate.swift */; };
		F448D8E21E887E05001EECAB /* PhoneNumberSetupVC.swift in Sources */ = {isa = PBXBuildFile; fileRef = F448D8E11E887E05001EECAB /* PhoneNumberSetupVC.swift */; };
		F448D8E51E887E05001EECAB /* Main.storyboard in Resources */ = {isa = PBXBuildFile; fileRef = F448D8E31E887E05001EECAB /* Main.storyboard */; };
		F448D8E71E887E05001EECAB /* Assets.xcassets in Resources */ = {isa = PBXBuildFile; fileRef = F448D8E61E887E05001EECAB /* Assets.xcassets */; };
		F448D8EA1E887E05001EECAB /* LaunchScreen.storyboard in Resources */ = {isa = PBXBuildFile; fileRef = F448D8E81E887E05001EECAB /* LaunchScreen.storyboard */; };
		F448D8F51E887E05001EECAB /* YourTurnTests.swift in Sources */ = {isa = PBXBuildFile; fileRef = F448D8F41E887E05001EECAB /* YourTurnTests.swift */; };
		F47911741EB6A4720014C7D5 /* CountryView.xib in Resources */ = {isa = PBXBuildFile; fileRef = F47911711EB6A4720014C7D5 /* CountryView.xib */; };
		F47911751EB6A4720014C7D5 /* CountryPicker.swift in Sources */ = {isa = PBXBuildFile; fileRef = F47911721EB6A4720014C7D5 /* CountryPicker.swift */; };
		F47911761EB6A4720014C7D5 /* CountryView.swift in Sources */ = {isa = PBXBuildFile; fileRef = F47911731EB6A4720014C7D5 /* CountryView.swift */; };
		F47911781EB6A48F0014C7D5 /* Flags.xcassets in Resources */ = {isa = PBXBuildFile; fileRef = F47911771EB6A48F0014C7D5 /* Flags.xcassets */; };
		F479117B1EB6F1A70014C7D5 /* down.png in Resources */ = {isa = PBXBuildFile; fileRef = F479117A1EB6F1A70014C7D5 /* down.png */; };
/* End PBXBuildFile section */

/* Begin PBXContainerItemProxy section */
		F448D8F11E887E05001EECAB /* PBXContainerItemProxy */ = {
			isa = PBXContainerItemProxy;
			containerPortal = F448D8D41E887E05001EECAB /* Project object */;
			proxyType = 1;
			remoteGlobalIDString = F448D8DB1E887E05001EECAB;
			remoteInfo = YourTurn;
		};
/* End PBXContainerItemProxy section */

/* Begin PBXFileReference section */
		073B69202E254934231A5447 /* Pods_YourTurnTests.framework */ = {isa = PBXFileReference; explicitFileType = wrapper.framework; includeInIndex = 0; path = Pods_YourTurnTests.framework; sourceTree = BUILT_PRODUCTS_DIR; };
		18E23091AC2A06A64F2E942A /* Pods-YourTurn.release.xcconfig */ = {isa = PBXFileReference; includeInIndex = 1; lastKnownFileType = text.xcconfig; name = "Pods-YourTurn.release.xcconfig"; path = "Pods/Target Support Files/Pods-YourTurn/Pods-YourTurn.release.xcconfig"; sourceTree = "<group>"; };
		48B59DF720F1FE29AFCC9B60 /* Pods-YourTurnTests.debug.xcconfig */ = {isa = PBXFileReference; includeInIndex = 1; lastKnownFileType = text.xcconfig; name = "Pods-YourTurnTests.debug.xcconfig"; path = "Pods/Target Support Files/Pods-YourTurnTests/Pods-YourTurnTests.debug.xcconfig"; sourceTree = "<group>"; };
		A8C804423237046210850E71 /* Pods-YourTurnTests.release.xcconfig */ = {isa = PBXFileReference; includeInIndex = 1; lastKnownFileType = text.xcconfig; name = "Pods-YourTurnTests.release.xcconfig"; path = "Pods/Target Support Files/Pods-YourTurnTests/Pods-YourTurnTests.release.xcconfig"; sourceTree = "<group>"; };
		B425ACF90C58E3ACD9AF118B /* Pods_YourTurn.framework */ = {isa = PBXFileReference; explicitFileType = wrapper.framework; includeInIndex = 0; path = Pods_YourTurn.framework; sourceTree = BUILT_PRODUCTS_DIR; };
		D938047B6FD4EB042F2CBA89 /* Pods-YourTurn.debug.xcconfig */ = {isa = PBXFileReference; includeInIndex = 1; lastKnownFileType = text.xcconfig; name = "Pods-YourTurn.debug.xcconfig"; path = "Pods/Target Support Files/Pods-YourTurn/Pods-YourTurn.debug.xcconfig"; sourceTree = "<group>"; };
		F40F510C1EBADCAF007A6B55 /* PayRent.png */ = {isa = PBXFileReference; lastKnownFileType = image.png; path = PayRent.png; sourceTree = "<group>"; };
		F41C37C91EB99FA900F4EC6E /* MopKitchenFloor.jpg */ = {isa = PBXFileReference; lastKnownFileType = image.jpeg; path = MopKitchenFloor.jpg; sourceTree = "<group>"; };
		F425DADC1EA5C238007BE333 /* ConfirmCodeVC.swift */ = {isa = PBXFileReference; fileEncoding = 4; lastKnownFileType = sourcecode.swift; path = ConfirmCodeVC.swift; sourceTree = "<group>"; };
		F42635671EB996D6004E079C /* TrashCan.jpg */ = {isa = PBXFileReference; lastKnownFileType = image.jpeg; path = TrashCan.jpg; sourceTree = "<group>"; };
		F42635691EB99883004E079C /* TasksTableVC.swift */ = {isa = PBXFileReference; fileEncoding = 4; lastKnownFileType = sourcecode.swift; path = TasksTableVC.swift; sourceTree = "<group>"; };
		F426356B1EB99933004E079C /* TasksTableViewCell.swift */ = {isa = PBXFileReference; fileEncoding = 4; lastKnownFileType = sourcecode.swift; path = TasksTableViewCell.swift; sourceTree = "<group>"; };
		F448D8DC1E887E05001EECAB /* YourTurn.app */ = {isa = PBXFileReference; explicitFileType = wrapper.application; includeInIndex = 0; path = YourTurn.app; sourceTree = BUILT_PRODUCTS_DIR; };
		F448D8DF1E887E05001EECAB /* AppDelegate.swift */ = {isa = PBXFileReference; lastKnownFileType = sourcecode.swift; path = AppDelegate.swift; sourceTree = "<group>"; };
		F448D8E11E887E05001EECAB /* PhoneNumberSetupVC.swift */ = {isa = PBXFileReference; lastKnownFileType = sourcecode.swift; path = PhoneNumberSetupVC.swift; sourceTree = "<group>"; };
		F448D8E41E887E05001EECAB /* Base */ = {isa = PBXFileReference; lastKnownFileType = file.storyboard; name = Base; path = Base.lproj/Main.storyboard; sourceTree = "<group>"; };
		F448D8E61E887E05001EECAB /* Assets.xcassets */ = {isa = PBXFileReference; lastKnownFileType = folder.assetcatalog; path = Assets.xcassets; sourceTree = "<group>"; };
		F448D8E91E887E05001EECAB /* Base */ = {isa = PBXFileReference; lastKnownFileType = file.storyboard; name = Base; path = Base.lproj/LaunchScreen.storyboard; sourceTree = "<group>"; };
		F448D8EB1E887E05001EECAB /* Info.plist */ = {isa = PBXFileReference; lastKnownFileType = text.plist.xml; path = Info.plist; sourceTree = "<group>"; };
		F448D8F01E887E05001EECAB /* YourTurnTests.xctest */ = {isa = PBXFileReference; explicitFileType = wrapper.cfbundle; includeInIndex = 0; path = YourTurnTests.xctest; sourceTree = BUILT_PRODUCTS_DIR; };
		F448D8F41E887E05001EECAB /* YourTurnTests.swift */ = {isa = PBXFileReference; lastKnownFileType = sourcecode.swift; path = YourTurnTests.swift; sourceTree = "<group>"; };
		F448D8F61E887E05001EECAB /* Info.plist */ = {isa = PBXFileReference; lastKnownFileType = text.plist.xml; path = Info.plist; sourceTree = "<group>"; };
		F479116A1EB55AA50014C7D5 /* YourTurn-Bridging-Header.h */ = {isa = PBXFileReference; lastKnownFileType = sourcecode.c.h; path = "YourTurn-Bridging-Header.h"; sourceTree = "<group>"; };
		F47911711EB6A4720014C7D5 /* CountryView.xib */ = {isa = PBXFileReference; fileEncoding = 4; lastKnownFileType = file.xib; path = CountryView.xib; sourceTree = "<group>"; };
		F47911721EB6A4720014C7D5 /* CountryPicker.swift */ = {isa = PBXFileReference; fileEncoding = 4; lastKnownFileType = sourcecode.swift; path = CountryPicker.swift; sourceTree = "<group>"; };
		F47911731EB6A4720014C7D5 /* CountryView.swift */ = {isa = PBXFileReference; fileEncoding = 4; lastKnownFileType = sourcecode.swift; path = CountryView.swift; sourceTree = "<group>"; };
		F47911771EB6A48F0014C7D5 /* Flags.xcassets */ = {isa = PBXFileReference; lastKnownFileType = folder.assetcatalog; path = Flags.xcassets; sourceTree = "<group>"; };
		F479117A1EB6F1A70014C7D5 /* down.png */ = {isa = PBXFileReference; lastKnownFileType = image.png; path = down.png; sourceTree = "<group>"; };
/* End PBXFileReference section */

/* Begin PBXFrameworksBuildPhase section */
		F448D8D91E887E05001EECAB /* Frameworks */ = {
			isa = PBXFrameworksBuildPhase;
			buildActionMask = 2147483647;
			files = (
				5AFDD4F4997D40C1DBC39317 /* Pods_YourTurn.framework in Frameworks */,
			);
			runOnlyForDeploymentPostprocessing = 0;
		};
		F448D8ED1E887E05001EECAB /* Frameworks */ = {
			isa = PBXFrameworksBuildPhase;
			buildActionMask = 2147483647;
			files = (
				A6405E4151C9386E2FE17F2D /* Pods_YourTurnTests.framework in Frameworks */,
			);
			runOnlyForDeploymentPostprocessing = 0;
		};
/* End PBXFrameworksBuildPhase section */

/* Begin PBXGroup section */
		8BAF12B4814BC24C8BAC0F3E /* Frameworks */ = {
			isa = PBXGroup;
			children = (
				B425ACF90C58E3ACD9AF118B /* Pods_YourTurn.framework */,
				073B69202E254934231A5447 /* Pods_YourTurnTests.framework */,
			);
			name = Frameworks;
			sourceTree = "<group>";
		};
		CF8024671B86D44F1AC08A38 /* Pods */ = {
			isa = PBXGroup;
			children = (
				D938047B6FD4EB042F2CBA89 /* Pods-YourTurn.debug.xcconfig */,
				18E23091AC2A06A64F2E942A /* Pods-YourTurn.release.xcconfig */,
				48B59DF720F1FE29AFCC9B60 /* Pods-YourTurnTests.debug.xcconfig */,
				A8C804423237046210850E71 /* Pods-YourTurnTests.release.xcconfig */,
			);
			name = Pods;
			sourceTree = "<group>";
		};
		F448D8D31E887E05001EECAB = {
			isa = PBXGroup;
			children = (
				F448D8DE1E887E05001EECAB /* YourTurn */,
				F448D8F31E887E05001EECAB /* YourTurnTests */,
				F448D8DD1E887E05001EECAB /* Products */,
				CF8024671B86D44F1AC08A38 /* Pods */,
				8BAF12B4814BC24C8BAC0F3E /* Frameworks */,
			);
			sourceTree = "<group>";
		};
		F448D8DD1E887E05001EECAB /* Products */ = {
			isa = PBXGroup;
			children = (
				F448D8DC1E887E05001EECAB /* YourTurn.app */,
				F448D8F01E887E05001EECAB /* YourTurnTests.xctest */,
			);
			name = Products;
			sourceTree = "<group>";
		};
		F448D8DE1E887E05001EECAB /* YourTurn */ = {
			isa = PBXGroup;
			children = (
				F47911791EB6F18F0014C7D5 /* Images */,
				F47911771EB6A48F0014C7D5 /* Flags.xcassets */,
				F47911701EB6A3DF0014C7D5 /* CountryPicker */,
				F448D8DF1E887E05001EECAB /* AppDelegate.swift */,
				F448D8E11E887E05001EECAB /* PhoneNumberSetupVC.swift */,
				F448D8E31E887E05001EECAB /* Main.storyboard */,
				F448D8E61E887E05001EECAB /* Assets.xcassets */,
				F448D8E81E887E05001EECAB /* LaunchScreen.storyboard */,
				F448D8EB1E887E05001EECAB /* Info.plist */,
				F425DADC1EA5C238007BE333 /* ConfirmCodeVC.swift */,
				F479116A1EB55AA50014C7D5 /* YourTurn-Bridging-Header.h */,
				F42635691EB99883004E079C /* TasksTableVC.swift */,
				F426356B1EB99933004E079C /* TasksTableViewCell.swift */,
			);
			path = YourTurn;
			sourceTree = "<group>";
		};
		F448D8F31E887E05001EECAB /* YourTurnTests */ = {
			isa = PBXGroup;
			children = (
				F448D8F41E887E05001EECAB /* YourTurnTests.swift */,
				F448D8F61E887E05001EECAB /* Info.plist */,
			);
			path = YourTurnTests;
			sourceTree = "<group>";
		};
		F47911701EB6A3DF0014C7D5 /* CountryPicker */ = {
			isa = PBXGroup;
			children = (
				F47911711EB6A4720014C7D5 /* CountryView.xib */,
				F47911721EB6A4720014C7D5 /* CountryPicker.swift */,
				F47911731EB6A4720014C7D5 /* CountryView.swift */,
			);
			name = CountryPicker;
			sourceTree = "<group>";
		};
		F47911791EB6F18F0014C7D5 /* Images */ = {
			isa = PBXGroup;
			children = (
				F40F510C1EBADCAF007A6B55 /* PayRent.png */,
				F41C37C91EB99FA900F4EC6E /* MopKitchenFloor.jpg */,
				F42635671EB996D6004E079C /* TrashCan.jpg */,
				F479117A1EB6F1A70014C7D5 /* down.png */,
			);
			name = Images;
			sourceTree = "<group>";
		};
/* End PBXGroup section */

/* Begin PBXNativeTarget section */
		F448D8DB1E887E05001EECAB /* YourTurn */ = {
			isa = PBXNativeTarget;
			buildConfigurationList = F448D8F91E887E05001EECAB /* Build configuration list for PBXNativeTarget "YourTurn" */;
			buildPhases = (
				EE035D55F1946E8EA24E4934 /* [CP] Check Pods Manifest.lock */,
				F448D8D81E887E05001EECAB /* Sources */,
				F448D8D91E887E05001EECAB /* Frameworks */,
				F448D8DA1E887E05001EECAB /* Resources */,
				A0699497AEDB42D981DDE3EB /* [CP] Embed Pods Frameworks */,
				FBBB0DFACD1BFD3AB2265EA6 /* [CP] Copy Pods Resources */,
			);
			buildRules = (
			);
			dependencies = (
			);
			name = YourTurn;
			productName = YourTurn;
			productReference = F448D8DC1E887E05001EECAB /* YourTurn.app */;
			productType = "com.apple.product-type.application";
		};
		F448D8EF1E887E05001EECAB /* YourTurnTests */ = {
			isa = PBXNativeTarget;
			buildConfigurationList = F448D8FC1E887E05001EECAB /* Build configuration list for PBXNativeTarget "YourTurnTests" */;
			buildPhases = (
				C26AA2F4C753047B3A00606A /* [CP] Check Pods Manifest.lock */,
				F448D8EC1E887E05001EECAB /* Sources */,
				F448D8ED1E887E05001EECAB /* Frameworks */,
				F448D8EE1E887E05001EECAB /* Resources */,
				19CBBDC32FBDC3F263445009 /* [CP] Embed Pods Frameworks */,
				172D8B053B4E8262DAE7488A /* [CP] Copy Pods Resources */,
			);
			buildRules = (
			);
			dependencies = (
				F448D8F21E887E05001EECAB /* PBXTargetDependency */,
			);
			name = YourTurnTests;
			productName = YourTurnTests;
			productReference = F448D8F01E887E05001EECAB /* YourTurnTests.xctest */;
			productType = "com.apple.product-type.bundle.unit-test";
		};
/* End PBXNativeTarget section */

/* Begin PBXProject section */
		F448D8D41E887E05001EECAB /* Project object */ = {
			isa = PBXProject;
			attributes = {
				LastSwiftUpdateCheck = 0820;
				LastUpgradeCheck = 0820;
				ORGANIZATIONNAME = "Vamsi Punna";
				TargetAttributes = {
					F448D8DB1E887E05001EECAB = {
						CreatedOnToolsVersion = 8.2.1;
						DevelopmentTeam = Z6VX63C9QP;
						LastSwiftMigration = 0830;
						ProvisioningStyle = Automatic;
					};
					F448D8EF1E887E05001EECAB = {
						CreatedOnToolsVersion = 8.2.1;
						ProvisioningStyle = Automatic;
						TestTargetID = F448D8DB1E887E05001EECAB;
					};
				};
			};
			buildConfigurationList = F448D8D71E887E05001EECAB /* Build configuration list for PBXProject "YourTurn" */;
			compatibilityVersion = "Xcode 3.2";
			developmentRegion = English;
			hasScannedForEncodings = 0;
			knownRegions = (
				en,
				Base,
			);
			mainGroup = F448D8D31E887E05001EECAB;
			productRefGroup = F448D8DD1E887E05001EECAB /* Products */;
			projectDirPath = "";
			projectRoot = "";
			targets = (
				F448D8DB1E887E05001EECAB /* YourTurn */,
				F448D8EF1E887E05001EECAB /* YourTurnTests */,
			);
		};
/* End PBXProject section */

/* Begin PBXResourcesBuildPhase section */
		F448D8DA1E887E05001EECAB /* Resources */ = {
			isa = PBXResourcesBuildPhase;
			buildActionMask = 2147483647;
			files = (
				F47911781EB6A48F0014C7D5 /* Flags.xcassets in Resources */,
				F448D8EA1E887E05001EECAB /* LaunchScreen.storyboard in Resources */,
				F448D8E71E887E05001EECAB /* Assets.xcassets in Resources */,
				F448D8E51E887E05001EECAB /* Main.storyboard in Resources */,
				F42635681EB996D6004E079C /* TrashCan.jpg in Resources */,
				F47911741EB6A4720014C7D5 /* CountryView.xib in Resources */,
				F41C37CA1EB99FA900F4EC6E /* MopKitchenFloor.jpg in Resources */,
				F479117B1EB6F1A70014C7D5 /* down.png in Resources */,
				F40F510D1EBADCAF007A6B55 /* PayRent.png in Resources */,
			);
			runOnlyForDeploymentPostprocessing = 0;
		};
		F448D8EE1E887E05001EECAB /* Resources */ = {
			isa = PBXResourcesBuildPhase;
			buildActionMask = 2147483647;
			files = (
			);
			runOnlyForDeploymentPostprocessing = 0;
		};
/* End PBXResourcesBuildPhase section */

/* Begin PBXShellScriptBuildPhase section */
		172D8B053B4E8262DAE7488A /* [CP] Copy Pods Resources */ = {
			isa = PBXShellScriptBuildPhase;
			buildActionMask = 2147483647;
			files = (
			);
			inputPaths = (
			);
			name = "[CP] Copy Pods Resources";
			outputPaths = (
			);
			runOnlyForDeploymentPostprocessing = 0;
			shellPath = /bin/sh;
			shellScript = "\"${SRCROOT}/Pods/Target Support Files/Pods-YourTurnTests/Pods-YourTurnTests-resources.sh\"\n";
			showEnvVarsInLog = 0;
		};
		19CBBDC32FBDC3F263445009 /* [CP] Embed Pods Frameworks */ = {
			isa = PBXShellScriptBuildPhase;
			buildActionMask = 2147483647;
			files = (
			);
			inputPaths = (
			);
			name = "[CP] Embed Pods Frameworks";
			outputPaths = (
			);
			runOnlyForDeploymentPostprocessing = 0;
			shellPath = /bin/sh;
			shellScript = "\"${SRCROOT}/Pods/Target Support Files/Pods-YourTurnTests/Pods-YourTurnTests-frameworks.sh\"\n";
			showEnvVarsInLog = 0;
		};
		A0699497AEDB42D981DDE3EB /* [CP] Embed Pods Frameworks */ = {
			isa = PBXShellScriptBuildPhase;
			buildActionMask = 2147483647;
			files = (
			);
			inputPaths = (
			);
			name = "[CP] Embed Pods Frameworks";
			outputPaths = (
			);
			runOnlyForDeploymentPostprocessing = 0;
			shellPath = /bin/sh;
			shellScript = "\"${SRCROOT}/Pods/Target Support Files/Pods-YourTurn/Pods-YourTurn-frameworks.sh\"\n";
			showEnvVarsInLog = 0;
		};
		C26AA2F4C753047B3A00606A /* [CP] Check Pods Manifest.lock */ = {
			isa = PBXShellScriptBuildPhase;
			buildActionMask = 2147483647;
			files = (
			);
			inputPaths = (
			);
			name = "[CP] Check Pods Manifest.lock";
			outputPaths = (
			);
			runOnlyForDeploymentPostprocessing = 0;
			shellPath = /bin/sh;
			shellScript = "diff \"${PODS_PODFILE_DIR_PATH}/Podfile.lock\" \"${PODS_ROOT}/Manifest.lock\" > /dev/null\nif [ $? != 0 ] ; then\n    # print error to STDERR\n    echo \"error: The sandbox is not in sync with the Podfile.lock. Run 'pod install' or update your CocoaPods installation.\" >&2\n    exit 1\nfi\n";
			showEnvVarsInLog = 0;
		};
		EE035D55F1946E8EA24E4934 /* [CP] Check Pods Manifest.lock */ = {
			isa = PBXShellScriptBuildPhase;
			buildActionMask = 2147483647;
			files = (
			);
			inputPaths = (
			);
			name = "[CP] Check Pods Manifest.lock";
			outputPaths = (
			);
			runOnlyForDeploymentPostprocessing = 0;
			shellPath = /bin/sh;
			shellScript = "diff \"${PODS_PODFILE_DIR_PATH}/Podfile.lock\" \"${PODS_ROOT}/Manifest.lock\" > /dev/null\nif [ $? != 0 ] ; then\n    # print error to STDERR\n    echo \"error: The sandbox is not in sync with the Podfile.lock. Run 'pod install' or update your CocoaPods installation.\" >&2\n    exit 1\nfi\n";
			showEnvVarsInLog = 0;
		};
		FBBB0DFACD1BFD3AB2265EA6 /* [CP] Copy Pods Resources */ = {
			isa = PBXShellScriptBuildPhase;
			buildActionMask = 2147483647;
			files = (
			);
			inputPaths = (
			);
			name = "[CP] Copy Pods Resources";
			outputPaths = (
			);
			runOnlyForDeploymentPostprocessing = 0;
			shellPath = /bin/sh;
			shellScript = "\"${SRCROOT}/Pods/Target Support Files/Pods-YourTurn/Pods-YourTurn-resources.sh\"\n";
			showEnvVarsInLog = 0;
		};
/* End PBXShellScriptBuildPhase section */

/* Begin PBXSourcesBuildPhase section */
		F448D8D81E887E05001EECAB /* Sources */ = {
			isa = PBXSourcesBuildPhase;
			buildActionMask = 2147483647;
			files = (
				F47911761EB6A4720014C7D5 /* CountryView.swift in Sources */,
				F47911751EB6A4720014C7D5 /* CountryPicker.swift in Sources */,
				F426356A1EB99883004E079C /* TasksTableVC.swift in Sources */,
				F425DADD1EA5C238007BE333 /* ConfirmCodeVC.swift in Sources */,
				F448D8E21E887E05001EECAB /* PhoneNumberSetupVC.swift in Sources */,
				F448D8E01E887E05001EECAB /* AppDelegate.swift in Sources */,
				F426356C1EB99933004E079C /* TasksTableViewCell.swift in Sources */,
			);
			runOnlyForDeploymentPostprocessing = 0;
		};
		F448D8EC1E887E05001EECAB /* Sources */ = {
			isa = PBXSourcesBuildPhase;
			buildActionMask = 2147483647;
			files = (
				F448D8F51E887E05001EECAB /* YourTurnTests.swift in Sources */,
			);
			runOnlyForDeploymentPostprocessing = 0;
		};
/* End PBXSourcesBuildPhase section */

/* Begin PBXTargetDependency section */
		F448D8F21E887E05001EECAB /* PBXTargetDependency */ = {
			isa = PBXTargetDependency;
			target = F448D8DB1E887E05001EECAB /* YourTurn */;
			targetProxy = F448D8F11E887E05001EECAB /* PBXContainerItemProxy */;
		};
/* End PBXTargetDependency section */

/* Begin PBXVariantGroup section */
		F448D8E31E887E05001EECAB /* Main.storyboard */ = {
			isa = PBXVariantGroup;
			children = (
				F448D8E41E887E05001EECAB /* Base */,
			);
			name = Main.storyboard;
			sourceTree = "<group>";
		};
		F448D8E81E887E05001EECAB /* LaunchScreen.storyboard */ = {
			isa = PBXVariantGroup;
			children = (
				F448D8E91E887E05001EECAB /* Base */,
			);
			name = LaunchScreen.storyboard;
			sourceTree = "<group>";
		};
/* End PBXVariantGroup section */

/* Begin XCBuildConfiguration section */
		F448D8F71E887E05001EECAB /* Debug */ = {
			isa = XCBuildConfiguration;
			buildSettings = {
				ALWAYS_SEARCH_USER_PATHS = NO;
				CLANG_ANALYZER_NONNULL = YES;
				CLANG_CXX_LANGUAGE_STANDARD = "gnu++0x";
				CLANG_CXX_LIBRARY = "libc++";
				CLANG_ENABLE_MODULES = YES;
				CLANG_ENABLE_OBJC_ARC = YES;
				CLANG_WARN_BOOL_CONVERSION = YES;
				CLANG_WARN_CONSTANT_CONVERSION = YES;
				CLANG_WARN_DIRECT_OBJC_ISA_USAGE = YES_ERROR;
				CLANG_WARN_DOCUMENTATION_COMMENTS = YES;
				CLANG_WARN_EMPTY_BODY = YES;
				CLANG_WARN_ENUM_CONVERSION = YES;
				CLANG_WARN_INFINITE_RECURSION = YES;
				CLANG_WARN_INT_CONVERSION = YES;
				CLANG_WARN_OBJC_ROOT_CLASS = YES_ERROR;
				CLANG_WARN_SUSPICIOUS_MOVE = YES;
				CLANG_WARN_UNREACHABLE_CODE = YES;
				CLANG_WARN__DUPLICATE_METHOD_MATCH = YES;
				"CODE_SIGN_IDENTITY[sdk=iphoneos*]" = "iPhone Developer";
				COPY_PHASE_STRIP = NO;
				DEBUG_INFORMATION_FORMAT = dwarf;
				ENABLE_STRICT_OBJC_MSGSEND = YES;
				ENABLE_TESTABILITY = YES;
				GCC_C_LANGUAGE_STANDARD = gnu99;
				GCC_DYNAMIC_NO_PIC = NO;
				GCC_NO_COMMON_BLOCKS = YES;
				GCC_OPTIMIZATION_LEVEL = 0;
				GCC_PREPROCESSOR_DEFINITIONS = (
					"DEBUG=1",
					"$(inherited)",
				);
				GCC_WARN_64_TO_32_BIT_CONVERSION = YES;
				GCC_WARN_ABOUT_RETURN_TYPE = YES_ERROR;
				GCC_WARN_UNDECLARED_SELECTOR = YES;
				GCC_WARN_UNINITIALIZED_AUTOS = YES_AGGRESSIVE;
				GCC_WARN_UNUSED_FUNCTION = YES;
				GCC_WARN_UNUSED_VARIABLE = YES;
				IPHONEOS_DEPLOYMENT_TARGET = 10.2;
				MTL_ENABLE_DEBUG_INFO = YES;
				ONLY_ACTIVE_ARCH = YES;
				SDKROOT = iphoneos;
				SWIFT_ACTIVE_COMPILATION_CONDITIONS = DEBUG;
				SWIFT_OPTIMIZATION_LEVEL = "-Onone";
				TARGETED_DEVICE_FAMILY = "1,2";
			};
			name = Debug;
		};
		F448D8F81E887E05001EECAB /* Release */ = {
			isa = XCBuildConfiguration;
			buildSettings = {
				ALWAYS_SEARCH_USER_PATHS = NO;
				CLANG_ANALYZER_NONNULL = YES;
				CLANG_CXX_LANGUAGE_STANDARD = "gnu++0x";
				CLANG_CXX_LIBRARY = "libc++";
				CLANG_ENABLE_MODULES = YES;
				CLANG_ENABLE_OBJC_ARC = YES;
				CLANG_WARN_BOOL_CONVERSION = YES;
				CLANG_WARN_CONSTANT_CONVERSION = YES;
				CLANG_WARN_DIRECT_OBJC_ISA_USAGE = YES_ERROR;
				CLANG_WARN_DOCUMENTATION_COMMENTS = YES;
				CLANG_WARN_EMPTY_BODY = YES;
				CLANG_WARN_ENUM_CONVERSION = YES;
				CLANG_WARN_INFINITE_RECURSION = YES;
				CLANG_WARN_INT_CONVERSION = YES;
				CLANG_WARN_OBJC_ROOT_CLASS = YES_ERROR;
				CLANG_WARN_SUSPICIOUS_MOVE = YES;
				CLANG_WARN_UNREACHABLE_CODE = YES;
				CLANG_WARN__DUPLICATE_METHOD_MATCH = YES;
				"CODE_SIGN_IDENTITY[sdk=iphoneos*]" = "iPhone Developer";
				COPY_PHASE_STRIP = NO;
				DEBUG_INFORMATION_FORMAT = "dwarf-with-dsym";
				ENABLE_NS_ASSERTIONS = NO;
				ENABLE_STRICT_OBJC_MSGSEND = YES;
				GCC_C_LANGUAGE_STANDARD = gnu99;
				GCC_NO_COMMON_BLOCKS = YES;
				GCC_WARN_64_TO_32_BIT_CONVERSION = YES;
				GCC_WARN_ABOUT_RETURN_TYPE = YES_ERROR;
				GCC_WARN_UNDECLARED_SELECTOR = YES;
				GCC_WARN_UNINITIALIZED_AUTOS = YES_AGGRESSIVE;
				GCC_WARN_UNUSED_FUNCTION = YES;
				GCC_WARN_UNUSED_VARIABLE = YES;
				IPHONEOS_DEPLOYMENT_TARGET = 10.2;
				MTL_ENABLE_DEBUG_INFO = NO;
				SDKROOT = iphoneos;
				SWIFT_OPTIMIZATION_LEVEL = "-Owholemodule";
				TARGETED_DEVICE_FAMILY = "1,2";
				VALIDATE_PRODUCT = YES;
			};
			name = Release;
		};
		F448D8FA1E887E05001EECAB /* Debug */ = {
			isa = XCBuildConfiguration;
			baseConfigurationReference = D938047B6FD4EB042F2CBA89 /* Pods-YourTurn.debug.xcconfig */;
			buildSettings = {
				ASSETCATALOG_COMPILER_APPICON_NAME = AppIcon;
				CLANG_ENABLE_MODULES = YES;
				DEVELOPMENT_TEAM = Z6VX63C9QP;
				INFOPLIST_FILE = YourTurn/Info.plist;
				LD_RUNPATH_SEARCH_PATHS = "$(inherited) @executable_path/Frameworks";
				PRODUCT_BUNDLE_IDENTIFIER = vmzir.YourTurn;
				PRODUCT_NAME = "$(TARGET_NAME)";
				SWIFT_OBJC_BRIDGING_HEADER = "YourTurn/YourTurn-Bridging-Header.h";
				SWIFT_OPTIMIZATION_LEVEL = "-Onone";
				SWIFT_VERSION = 3.0;
			};
			name = Debug;
		};
		F448D8FB1E887E05001EECAB /* Release */ = {
			isa = XCBuildConfiguration;
			baseConfigurationReference = 18E23091AC2A06A64F2E942A /* Pods-YourTurn.release.xcconfig */;
			buildSettings = {
				ASSETCATALOG_COMPILER_APPICON_NAME = AppIcon;
				CLANG_ENABLE_MODULES = YES;
				DEVELOPMENT_TEAM = Z6VX63C9QP;
				INFOPLIST_FILE = YourTurn/Info.plist;
				LD_RUNPATH_SEARCH_PATHS = "$(inherited) @executable_path/Frameworks";
				PRODUCT_BUNDLE_IDENTIFIER = vmzir.YourTurn;
				PRODUCT_NAME = "$(TARGET_NAME)";
				SWIFT_OBJC_BRIDGING_HEADER = "YourTurn/YourTurn-Bridging-Header.h";
				SWIFT_VERSION = 3.0;
			};
			name = Release;
		};
		F448D8FD1E887E05001EECAB /* Debug */ = {
			isa = XCBuildConfiguration;
			baseConfigurationReference = 48B59DF720F1FE29AFCC9B60 /* Pods-YourTurnTests.debug.xcconfig */;
			buildSettings = {
				ALWAYS_EMBED_SWIFT_STANDARD_LIBRARIES = YES;
				BUNDLE_LOADER = "$(TEST_HOST)";
				INFOPLIST_FILE = YourTurnTests/Info.plist;
				LD_RUNPATH_SEARCH_PATHS = "$(inherited) @executable_path/Frameworks @loader_path/Frameworks";
				PRODUCT_BUNDLE_IDENTIFIER = vmzir.YourTurnTests;
				PRODUCT_NAME = "$(TARGET_NAME)";
				SWIFT_VERSION = 3.0;
				TEST_HOST = "$(BUILT_PRODUCTS_DIR)/YourTurn.app/YourTurn";
			};
			name = Debug;
		};
		F448D8FE1E887E05001EECAB /* Release */ = {
			isa = XCBuildConfiguration;
			baseConfigurationReference = A8C804423237046210850E71 /* Pods-YourTurnTests.release.xcconfig */;
			buildSettings = {
				ALWAYS_EMBED_SWIFT_STANDARD_LIBRARIES = YES;
				BUNDLE_LOADER = "$(TEST_HOST)";
				INFOPLIST_FILE = YourTurnTests/Info.plist;
				LD_RUNPATH_SEARCH_PATHS = "$(inherited) @executable_path/Frameworks @loader_path/Frameworks";
				PRODUCT_BUNDLE_IDENTIFIER = vmzir.YourTurnTests;
				PRODUCT_NAME = "$(TARGET_NAME)";
				SWIFT_VERSION = 3.0;
				TEST_HOST = "$(BUILT_PRODUCTS_DIR)/YourTurn.app/YourTurn";
			};
			name = Release;
		};
/* End XCBuildConfiguration section */

/* Begin XCConfigurationList section */
		F448D8D71E887E05001EECAB /* Build configuration list for PBXProject "YourTurn" */ = {
			isa = XCConfigurationList;
			buildConfigurations = (
				F448D8F71E887E05001EECAB /* Debug */,
				F448D8F81E887E05001EECAB /* Release */,
			);
			defaultConfigurationIsVisible = 0;
			defaultConfigurationName = Release;
		};
		F448D8F91E887E05001EECAB /* Build configuration list for PBXNativeTarget "YourTurn" */ = {
			isa = XCConfigurationList;
			buildConfigurations = (
				F448D8FA1E887E05001EECAB /* Debug */,
				F448D8FB1E887E05001EECAB /* Release */,
			);
			defaultConfigurationIsVisible = 0;
			defaultConfigurationName = Release;
		};
		F448D8FC1E887E05001EECAB /* Build configuration list for PBXNativeTarget "YourTurnTests" */ = {
			isa = XCConfigurationList;
			buildConfigurations = (
				F448D8FD1E887E05001EECAB /* Debug */,
				F448D8FE1E887E05001EECAB /* Release */,
			);
			defaultConfigurationIsVisible = 0;
			defaultConfigurationName = Release;
		};
/* End XCConfigurationList section */
	};
	rootObject = F448D8D41E887E05001EECAB /* Project object */;
}
